
Microsoft Visual Studio Solution File, Format Version 12.00
# Visual Studio Version 17
VisualStudioVersion = 17.14.36202.13 d17.14
MinimumVisualStudioVersion = 10.0.40219.1
Project("{FAE04EC0-301F-11D3-BF4B-00C04F79EFBC}") = "G5", "G5\G5.csproj", "{8F34123B-26C9-4D7A-A822-248345C141BF}"
EndProject
Global
	GlobalSection(SolutionConfigurationPlatforms) = preSolution
		Debug|Any CPU = Debug|Any CPU
		Release|Any CPU = Release|Any CPU
	EndGlobalSection
	GlobalSection(ProjectConfigurationPlatforms) = postSolution
		{8F34123B-26C9-4D7A-A822-248345C141BF}.Debug|Any CPU.ActiveCfg = Debug|Any CPU
		{8F34123B-26C9-4D7A-A822-248345C141BF}.Debug|Any CPU.Build.0 = Debug|Any CPU
		{8F34123B-26C9-4D7A-A822-248345C141BF}.Release|Any CPU.ActiveCfg = Release|Any CPU
		{8F34123B-26C9-4D7A-A822-248345C141BF}.Release|Any CPU.Build.0 = Release|Any CPU
	EndGlobalSection
	GlobalSection(SolutionProperties) = preSolution
		HideSolutionNode = FALSE
	EndGlobalSection
	GlobalSection(ExtensibilityGlobals) = postSolution
		SolutionGuid = {382C5D61-A271-46E3-839F-261106F86B7C}
	EndGlobalSection
EndGlobal
